{
  "name": "@fgrzl/fetch-gen",
  "version": "0.0.0",
  "lockfileVersion": 3,
  "requires": true,
  "packages": {
    "": {
      "name": "@fgrzl/fetch-gen",
      "version": "0.0.0",
      "license": "MIT",
      "dependencies": {
        "@fgrzl/fetch": "^1.1.0-alpha.3"
      },
      "bin": {
        "fetch-gen": "dist/shim.cjs"
      },
      "devDependencies": {
        "prettier": "^3.6.2"
      }
    },
    "node_modules/@fgrzl/fetch": {
      "version": "1.1.0-alpha.3",
      "resolved": "https://registry.npmjs.org/@fgrzl/fetch/-/fetch-1.1.0-alpha.3.tgz",
      "integrity": "sha512-xKip9vYjW0XjIITI99nKttwj6rMDq6mHwTRIPnp3IRiCzaoO7ZJW9GlK1UfIrJ29JTINQRVafrYYo2mVBMhTqQ==",
      "license": "MIT"
    },
    "node_modules/prettier": {
      "version": "3.6.2",
      "resolved": "https://registry.npmjs.org/prettier/-/prettier-3.6.2.tgz",
      "integrity": "sha512-I7AIg5boAr5R0FFtJ6rCfD+LFsWHp81dolrFD8S79U9tb8Az2nGrJncnMSnys+bpQJfRUzqs9hnA81OAA3hCuQ==",
      "dev": true,
      "license": "MIT",
      "bin": {
        "prettier": "bin/prettier.cjs"
      },
      "engines": {
        "node": ">=14"
      },
      "funding": {
        "url": "https://github.com/prettier/prettier?sponsor=1"
      }
    }
  }
}
